
Microsoft Visual Studio Solution File, Format Version 12.00
# Visual Studio Version 16
VisualStudioVersion = 16.0.30002.166
MinimumVisualStudioVersion = 10.0.40219.1
Project("{FAE04EC0-301F-11D3-BF4B-00C04F79EFBC}") = "Gate.Android", "Gate\Gate.Android\Gate.Android.csproj", "{59E9B971-B0B3-431B-83B4-09D57AE5D6F6}"
EndProject
Project("{FAE04EC0-301F-11D3-BF4B-00C04F79EFBC}") = "Gate.iOS", "Gate\Gate.iOS\Gate.iOS.csproj", "{BDA544E2-5252-4D47-929F-4808797CA4B0}"
EndProject
Project("{FAE04EC0-301F-11D3-BF4B-00C04F79EFBC}") = "Gate", "Gate\Gate\Gate.csproj", "{DD126A76-C296-40B3-AB06-4F9CC05873A5}"
EndProject
Global
	GlobalSection(SolutionConfigurationPlatforms) = preSolution
		Debug|Any CPU = Debug|Any CPU
		Debug|iPhone = Debug|iPhone
		Debug|iPhoneSimulator = Debug|iPhoneSimulator
		Release|Any CPU = Release|Any CPU
		Release|iPhone = Release|iPhone
		Release|iPhoneSimulator = Release|iPhoneSimulator
	EndGlobalSection
	GlobalSection(ProjectConfigurationPlatforms) = postSolution
		{59E9B971-B0B3-431B-83B4-09D57AE5D6F6}.Debug|Any CPU.ActiveCfg = Debug|Any CPU
		{59E9B971-B0B3-431B-83B4-09D57AE5D6F6}.Debug|Any CPU.Build.0 = Debug|Any CPU
		{59E9B971-B0B3-431B-83B4-09D57AE5D6F6}.Debug|Any CPU.Deploy.0 = Debug|Any CPU
		{59E9B971-B0B3-431B-83B4-09D57AE5D6F6}.Debug|iPhone.ActiveCfg = Debug|Any CPU
		{59E9B971-B0B3-431B-83B4-09D57AE5D6F6}.Debug|iPhone.Build.0 = Debug|Any CPU
		{59E9B971-B0B3-431B-83B4-09D57AE5D6F6}.Debug|iPhone.Deploy.0 = Debug|Any CPU
		{59E9B971-B0B3-431B-83B4-09D57AE5D6F6}.Debug|iPhoneSimulator.ActiveCfg = Debug|Any CPU
		{59E9B971-B0B3-431B-83B4-09D57AE5D6F6}.Debug|iPhoneSimulator.Build.0 = Debug|Any CPU
		{59E9B971-B0B3-431B-83B4-09D57AE5D6F6}.Debug|iPhoneSimulator.Deploy.0 = Debug|Any CPU
		{59E9B971-B0B3-431B-83B4-09D57AE5D6F6}.Release|Any CPU.ActiveCfg = Release|Any CPU
		{59E9B971-B0B3-431B-83B4-09D57AE5D6F6}.Release|Any CPU.Build.0 = Release|Any CPU
		{59E9B971-B0B3-431B-83B4-09D57AE5D6F6}.Release|Any CPU.Deploy.0 = Release|Any CPU
		{59E9B971-B0B3-431B-83B4-09D57AE5D6F6}.Release|iPhone.ActiveCfg = Release|Any CPU
		{59E9B971-B0B3-431B-83B4-09D57AE5D6F6}.Release|iPhone.Build.0 = Release|Any CPU
		{59E9B971-B0B3-431B-83B4-09D57AE5D6F6}.Release|iPhone.Deploy.0 = Release|Any CPU
		{59E9B971-B0B3-431B-83B4-09D57AE5D6F6}.Release|iPhoneSimulator.ActiveCfg = Release|Any CPU
		{59E9B971-B0B3-431B-83B4-09D57AE5D6F6}.Release|iPhoneSimulator.Build.0 = Release|Any CPU
		{59E9B971-B0B3-431B-83B4-09D57AE5D6F6}.Release|iPhoneSimulator.Deploy.0 = Release|Any CPU
		{BDA544E2-5252-4D47-929F-4808797CA4B0}.Debug|Any CPU.ActiveCfg = Debug|iPhone
		{BDA544E2-5252-4D47-929F-4808797CA4B0}.Debug|Any CPU.Build.0 = Debug|iPhone
		{BDA544E2-5252-4D47-929F-4808797CA4B0}.Debug|Any CPU.Deploy.0 = Debug|iPhone
		{BDA544E2-5252-4D47-929F-4808797CA4B0}.Debug|iPhone.ActiveCfg = Debug|iPhone
		{BDA544E2-5252-4D47-929F-4808797CA4B0}.Debug|iPhone.Build.0 = Debug|iPhone
		{BDA544E2-5252-4D47-929F-4808797CA4B0}.Debug|iPhone.Deploy.0 = Debug|iPhone
		{BDA544E2-5252-4D47-929F-4808797CA4B0}.Debug|iPhoneSimulator.ActiveCfg = Debug|iPhoneSimulator
		{BDA544E2-5252-4D47-929F-4808797CA4B0}.Debug|iPhoneSimulator.Build.0 = Debug|iPhoneSimulator
		{BDA544E2-5252-4D47-929F-4808797CA4B0}.Debug|iPhoneSimulator.Deploy.0 = Debug|iPhoneSimulator
		{BDA544E2-5252-4D47-929F-4808797CA4B0}.Release|Any CPU.ActiveCfg = Release|iPhone
		{BDA544E2-5252-4D47-929F-4808797CA4B0}.Release|Any CPU.Build.0 = Release|iPhone
		{BDA544E2-5252-4D47-929F-4808797CA4B0}.Release|Any CPU.Deploy.0 = Release|iPhone
		{BDA544E2-5252-4D47-929F-4808797CA4B0}.Release|iPhone.ActiveCfg = Release|iPhone
		{BDA544E2-5252-4D47-929F-4808797CA4B0}.Release|iPhone.Build.0 = Release|iPhone
		{BDA544E2-5252-4D47-929F-4808797CA4B0}.Release|iPhone.Deploy.0 = Release|iPhone
		{BDA544E2-5252-4D47-929F-4808797CA4B0}.Release|iPhoneSimulator.ActiveCfg = Release|iPhoneSimulator
		{BDA544E2-5252-4D47-929F-4808797CA4B0}.Release|iPhoneSimulator.Build.0 = Release|iPhoneSimulator
		{BDA544E2-5252-4D47-929F-4808797CA4B0}.Release|iPhoneSimulator.Deploy.0 = Release|iPhoneSimulator
		{DD126A76-C296-40B3-AB06-4F9CC05873A5}.Debug|Any CPU.ActiveCfg = Debug|Any CPU
		{DD126A76-C296-40B3-AB06-4F9CC05873A5}.Debug|Any CPU.Build.0 = Debug|Any CPU
		{DD126A76-C296-40B3-AB06-4F9CC05873A5}.Debug|Any CPU.Deploy.0 = Debug|Any CPU
		{DD126A76-C296-40B3-AB06-4F9CC05873A5}.Debug|iPhone.ActiveCfg = Debug|Any CPU
		{DD126A76-C296-40B3-AB06-4F9CC05873A5}.Debug|iPhone.Build.0 = Debug|Any CPU
		{DD126A76-C296-40B3-AB06-4F9CC05873A5}.Debug|iPhone.Deploy.0 = Debug|Any CPU
		{DD126A76-C296-40B3-AB06-4F9CC05873A5}.Debug|iPhoneSimulator.ActiveCfg = Debug|Any CPU
		{DD126A76-C296-40B3-AB06-4F9CC05873A5}.Debug|iPhoneSimulator.Build.0 = Debug|Any CPU
		{DD126A76-C296-40B3-AB06-4F9CC05873A5}.Debug|iPhoneSimulator.Deploy.0 = Debug|Any CPU
		{DD126A76-C296-40B3-AB06-4F9CC05873A5}.Release|Any CPU.ActiveCfg = Release|Any CPU
		{DD126A76-C296-40B3-AB06-4F9CC05873A5}.Release|Any CPU.Build.0 = Release|Any CPU
		{DD126A76-C296-40B3-AB06-4F9CC05873A5}.Release|Any CPU.Deploy.0 = Release|Any CPU
		{DD126A76-C296-40B3-AB06-4F9CC05873A5}.Release|iPhone.ActiveCfg = Release|Any CPU
		{DD126A76-C296-40B3-AB06-4F9CC05873A5}.Release|iPhone.Build.0 = Release|Any CPU
		{DD126A76-C296-40B3-AB06-4F9CC05873A5}.Release|iPhone.Deploy.0 = Release|Any CPU
		{DD126A76-C296-40B3-AB06-4F9CC05873A5}.Release|iPhoneSimulator.ActiveCfg = Release|Any CPU
		{DD126A76-C296-40B3-AB06-4F9CC05873A5}.Release|iPhoneSimulator.Build.0 = Release|Any CPU
		{DD126A76-C296-40B3-AB06-4F9CC05873A5}.Release|iPhoneSimulator.Deploy.0 = Release|Any CPU
	EndGlobalSection
	GlobalSection(SolutionProperties) = preSolution
		HideSolutionNode = FALSE
	EndGlobalSection
	GlobalSection(ExtensibilityGlobals) = postSolution
		SolutionGuid = {9A8F86AF-AA11-409D-808C-8C9E018C048A}
	EndGlobalSection
EndGlobal
